
Microsoft Visual Studio Solution File, Format Version 12.00
# Visual Studio Version 17
VisualStudioVersion = 17.7.34003.232
MinimumVisualStudioVersion = 10.0.40219.1
Project("{888888A0-9F3D-457C-B088-3A5042F75D52}") = "SimpleWindowsAppInstallerCLI", "SimpleWindowsAppInstallerCLI.pyproj", "{50DE2D98-A967-4C5A-A83E-0E6681A833CB}"
EndProject
Global
	GlobalSection(SolutionConfigurationPlatforms) = preSolution
		Debug|Any CPU = Debug|Any CPU
		Release|Any CPU = Release|Any CPU
	EndGlobalSection
	GlobalSection(ProjectConfigurationPlatforms) = postSolution
		{50DE2D98-A967-4C5A-A83E-0E6681A833CB}.Debug|Any CPU.ActiveCfg = Debug|Any CPU
		{50DE2D98-A967-4C5A-A83E-0E6681A833CB}.Release|Any CPU.ActiveCfg = Release|Any CPU
	EndGlobalSection
	GlobalSection(SolutionProperties) = preSolution
		HideSolutionNode = FALSE
	EndGlobalSection
	GlobalSection(ExtensibilityGlobals) = postSolution
		SolutionGuid = {AE090AE6-33F0-4709-A637-8375CF84F0EE}
	EndGlobalSection
EndGlobal
